github.com/davecgh/go-spew v1.1.1 h1:vj9j/u1bqnvCEfJOwUhtlOARqs3+rkHYY13jYWTU97c=
github.com/davecgh/go-spew v1.1.1/go.mod h1:J7Y8YcW2NihsgmVo/mv3lAwl/skON4iLHjSsI+c5H38=
github.com/pr0n1x/go-type-wrappers v0.5.0 h1:6NvnfWNZ8zGyGw80EC9/7t/wFySX3Z78nV8Tcbe/YDc=
github.com/pr0n1x/go-type-wrappers v0.5.0/go.mod h1:6xI/CXIDR5ASqc6unrKe0wGwFpAiY+TFKheB0GEbKOU=
